{
  "nodes": {
    "nixpkgs": {
      "locked": {
        "lastModified": 1780088794,
        "narHash": "sha256-xlx04b4gmZ2V238QadlxYoDO7h1roqXAnjBJQquedPI=",
        "owner": "NixOS",
        "repo": "nixpkgs",
        "rev": "257de32294e74ce9f3693e34a360401ccaa11011",
        "type": "github"
      },
      "original": {
        "owner": "NixOS",
        "ref": "release-26.05",
        "repo": "nixpkgs",
        "type": "github"
      }
    },
    "root": {
      "inputs": {
        "nixpkgs": "nixpkgs",
        "telegym": "telegym"
      }
    },
    "telegym": {
      "flake": false,
      "locked": {
        "lastModified": 1785591747,
        "narHash": "sha256-jqBalzhQu4ULjuin3K/wCUBEBTEJKVPQ6cNvw42bWTo=",
        "owner": "booxter",
        "repo": "telegym",
        "rev": "6cc55d261e4dc5b9dd7e7f56f0d81eaaef52744c",
        "type": "github"
      },
      "original": {
        "owner": "booxter",
        "ref": "lolek-missing-features",
        "repo": "telegym",
        "type": "github"
      }
    }
  },
  "root": "root",
  "version": 7
}
