{
  "nodes": {
    "nixpkgs": {
      "locked": {
        "lastModified": 1785682367,
        "narHash": "sha256-SYVGEhF/PUNDvmkRjZ+cXqkqDo1n6nOuAYHCdIzSAbM=",
        "owner": "NixOS",
        "repo": "nixpkgs",
        "rev": "586dfe60dafc66030196fc64574f9b4e9d2e1d4a",
        "type": "github"
      },
      "original": {
        "owner": "NixOS",
        "ref": "release-26.05",
        "repo": "nixpkgs",
        "type": "github"
      }
    },
    "root": {
      "inputs": {
        "nixpkgs": "nixpkgs",
        "telegym": "telegym"
      }
    },
    "telegym": {
      "inputs": {
        "nixpkgs": [
          "nixpkgs"
        ]
      },
      "locked": {
        "lastModified": 1787266455,
        "narHash": "sha256-1FlDPWbKeVwEsKbUJKE+NLEBA7OIO6fWgx7p7q+QCk4=",
        "owner": "booxter",
        "repo": "telegym",
        "rev": "5cbd75aef9b393bb97ff7e86f18d1d200a6af627",
        "type": "github"
      },
      "original": {
        "owner": "booxter",
        "ref": "lolek-missing-features",
        "repo": "telegym",
        "type": "github"
      }
    }
  },
  "root": "root",
  "version": 7
}
