{
  "nodes": {
    "nixpkgs": {
      "locked": {
        "lastModified": 1780088794,
        "narHash": "sha256-xlx04b4gmZ2V238QadlxYoDO7h1roqXAnjBJQquedPI=",
        "owner": "NixOS",
        "repo": "nixpkgs",
        "rev": "257de32294e74ce9f3693e34a360401ccaa11011",
        "type": "github"
      },
      "original": {
        "owner": "NixOS",
        "ref": "release-26.05",
        "repo": "nixpkgs",
        "type": "github"
      }
    },
    "root": {
      "inputs": {
        "nixpkgs": "nixpkgs"
      }
    }
  },
  "root": "root",
  "version": 7
}
